{
  "requires": true,
  "lockfileVersion": 1,
  "dependencies": {
    "@angular/cdk": {
      "version": "5.2.5",
      "resolved": "https://registry.npmjs.org/@angular/cdk/-/cdk-5.2.5.tgz",
      "integrity": "sha512-GN8m1d+VcCE9+Bgwv06Y8YJKyZ0i9ZIq2ZPBcJYt+KVgnVVRg4JkyUNxud07LNsvzOX22DquHqmIZiC4hAG7Ag==",
      "requires": {
        "tslib": "1.9.3"
      }
    },
    "@angular/forms": {
      "version": "4.4.7",
      "resolved": "https://registry.npmjs.org/@angular/forms/-/forms-4.4.7.tgz",
      "integrity": "sha512-EXGutI4GNBptpwkCQdCTxWAlJll8aCV7m3cA1FHZgFP7VNSgYF0pD+PscM5jSeajG30cRjaKxgL4cqj6yMMtww==",
      "requires": {
        "tslib": "1.9.3"
      }
    },
    "@angular/material": {
      "version": "5.2.5",
      "resolved": "https://registry.npmjs.org/@angular/material/-/material-5.2.5.tgz",
      "integrity": "sha512-IltfBeTJWnmZehOQNQ7KoFs7MGWuZTe0g21hIitGkusVNt1cIoTD24xKH5jwztjH19c04IgiwonpurMKM6pBCQ==",
      "requires": {
        "tslib": "1.9.3"
      }
    },
    "parse5": {
      "version": "5.0.0",
      "resolved": "https://registry.npmjs.org/parse5/-/parse5-5.0.0.tgz",
      "integrity": "sha512-0ywuiUOnpWWeil5grH2rxjyTJoeQVwyBuO2si6QIU9dWtj2npjuyK1HaY1RbLnVfDhEbhyAPNUBKRK0Xj2xE0w=="
    },
    "tslib": {
      "version": "1.9.3",
      "resolved": "https://registry.npmjs.org/tslib/-/tslib-1.9.3.tgz",
      "integrity": "sha512-4krF8scpejhaOgqzBEcGM7yDIEfi0/8+8zDRZhNZZ2kjmHJ4hv3zCbQWxoJGz1iw5U0Jl0nma13xzHXcncMavQ=="
    }
  }
}
